
Microsoft Visual Studio Solution File, Format Version 12.00
# Visual Studio Version 17
VisualStudioVersion = 17.4.33213.308
MinimumVisualStudioVersion = 10.0.40219.1
Project("{8BC9CEB8-8B4A-11D0-8D11-00A0C91BC942}") = "ProgramMultiWaris", "ParadigmaOOP2\ParadigmaOOP2.vcxproj", "{5289A491-8289-4917-B194-A3D35EB8E603}"
EndProject
Project("{8BC9CEB8-8B4A-11D0-8D11-00A0C91BC942}") = "ProgramNoOverriding", "ProgramNoOverriding\ProgramNoOverriding.vcxproj", "{DBCE4785-9EE4-4F59-A685-891DE51CE5DF}"
EndProject
Project("{8BC9CEB8-8B4A-11D0-8D11-00A0C91BC942}") = "SolveMultiWaris", "SolveMultiWaris\SolveMultiWaris.vcxproj", "{4C5DF89A-67E3-46EF-ACCA-7519678023C6}"
EndProject
Project("{8BC9CEB8-8B4A-11D0-8D11-00A0C91BC942}") = "Abstraksi", "Abstraksi\Abstraksi.vcxproj", "{ED4B4CC3-18BC-4E7B-8C28-F1BB900EF9EB}"
EndProject
Global
	GlobalSection(SolutionConfigurationPlatforms) = preSolution
		Debug|x64 = Debug|x64
		Debug|x86 = Debug|x86
		Release|x64 = Release|x64
		Release|x86 = Release|x86
	EndGlobalSection
	GlobalSection(ProjectConfigurationPlatforms) = postSolution
		{5289A491-8289-4917-B194-A3D35EB8E603}.Debug|x64.ActiveCfg = Debug|x64
		{5289A491-8289-4917-B194-A3D35EB8E603}.Debug|x64.Build.0 = Debug|x64
		{5289A491-8289-4917-B194-A3D35EB8E603}.Debug|x86.ActiveCfg = Debug|Win32
		{5289A491-8289-4917-B194-A3D35EB8E603}.Debug|x86.Build.0 = Debug|Win32
		{5289A491-8289-4917-B194-A3D35EB8E603}.Release|x64.ActiveCfg = Release|x64
		{5289A491-8289-4917-B194-A3D35EB8E603}.Release|x64.Build.0 = Release|x64
		{5289A491-8289-4917-B194-A3D35EB8E603}.Release|x86.ActiveCfg = Release|Win32
		{5289A491-8289-4917-B194-A3D35EB8E603}.Release|x86.Build.0 = Release|Win32
		{DBCE4785-9EE4-4F59-A685-891DE51CE5DF}.Debug|x64.ActiveCfg = Debug|x64
		{DBCE4785-9EE4-4F59-A685-891DE51CE5DF}.Debug|x64.Build.0 = Debug|x64
		{DBCE4785-9EE4-4F59-A685-891DE51CE5DF}.Debug|x86.ActiveCfg = Debug|Win32
		{DBCE4785-9EE4-4F59-A685-891DE51CE5DF}.Debug|x86.Build.0 = Debug|Win32
		{DBCE4785-9EE4-4F59-A685-891DE51CE5DF}.Release|x64.ActiveCfg = Release|x64
		{DBCE4785-9EE4-4F59-A685-891DE51CE5DF}.Release|x64.Build.0 = Release|x64
		{DBCE4785-9EE4-4F59-A685-891DE51CE5DF}.Release|x86.ActiveCfg = Release|Win32
		{DBCE4785-9EE4-4F59-A685-891DE51CE5DF}.Release|x86.Build.0 = Release|Win32
		{4C5DF89A-67E3-46EF-ACCA-7519678023C6}.Debug|x64.ActiveCfg = Debug|x64
		{4C5DF89A-67E3-46EF-ACCA-7519678023C6}.Debug|x64.Build.0 = Debug|x64
		{4C5DF89A-67E3-46EF-ACCA-7519678023C6}.Debug|x86.ActiveCfg = Debug|Win32
		{4C5DF89A-67E3-46EF-ACCA-7519678023C6}.Debug|x86.Build.0 = Debug|Win32
		{4C5DF89A-67E3-46EF-ACCA-7519678023C6}.Release|x64.ActiveCfg = Release|x64
		{4C5DF89A-67E3-46EF-ACCA-7519678023C6}.Release|x64.Build.0 = Release|x64
		{4C5DF89A-67E3-46EF-ACCA-7519678023C6}.Release|x86.ActiveCfg = Release|Win32
		{4C5DF89A-67E3-46EF-ACCA-7519678023C6}.Release|x86.Build.0 = Release|Win32
		{ED4B4CC3-18BC-4E7B-8C28-F1BB900EF9EB}.Debug|x64.ActiveCfg = Debug|x64
		{ED4B4CC3-18BC-4E7B-8C28-F1BB900EF9EB}.Debug|x64.Build.0 = Debug|x64
		{ED4B4CC3-18BC-4E7B-8C28-F1BB900EF9EB}.Debug|x86.ActiveCfg = Debug|Win32
		{ED4B4CC3-18BC-4E7B-8C28-F1BB900EF9EB}.Debug|x86.Build.0 = Debug|Win32
		{ED4B4CC3-18BC-4E7B-8C28-F1BB900EF9EB}.Release|x64.ActiveCfg = Release|x64
		{ED4B4CC3-18BC-4E7B-8C28-F1BB900EF9EB}.Release|x64.Build.0 = Release|x64
		{ED4B4CC3-18BC-4E7B-8C28-F1BB900EF9EB}.Release|x86.ActiveCfg = Release|Win32
		{ED4B4CC3-18BC-4E7B-8C28-F1BB900EF9EB}.Release|x86.Build.0 = Release|Win32
	EndGlobalSection
	GlobalSection(SolutionProperties) = preSolution
		HideSolutionNode = FALSE
	EndGlobalSection
	GlobalSection(ExtensibilityGlobals) = postSolution
		SolutionGuid = {CFBE4CD9-FB67-41B7-863D-974C242BA091}
	EndGlobalSection
EndGlobal
